{
  "name": "portfolio",
  "version": "1.0.0",
  "lockfileVersion": 1,
  "requires": true,
  "dependencies": {
    "axios": {
      "version": "0.19.2",
      "resolved": "https://registry.npmjs.org/axios/-/axios-0.19.2.tgz",
      "integrity": "sha512-fjgm5MvRHLhx+osE2xoekY70AhARk3a6hkN+3Io1jc00jtquGvxYlKlsFUhmUET0V5te6CcZI7lcv2Ym61mjHA==",
      "requires": {
        "follow-redirects": "1.5.10"
      }
    },
    "debug": {
      "version": "3.1.0",
      "resolved": "https://registry.npmjs.org/debug/-/debug-3.1.0.tgz",
      "integrity": "sha512-OX8XqP7/1a9cqkxYw2yXss15f26NKWBpDXQd0/uK/KPqdQhxbPa994hnzjcE2VqQpDslf55723cKPUOGSmMY3g==",
      "requires": {
        "ms": "2.0.0"
      }
    },
    "follow-redirects": {
      "version": "1.5.10",
      "resolved": "https://registry.npmjs.org/follow-redirects/-/follow-redirects-1.5.10.tgz",
      "integrity": "sha512-0V5l4Cizzvqt5D44aTXbFZz+FtyXV1vrDN6qrelxtfYQKW0KO0W2T/hkE8xvGa/540LkZlkaUjO4ailYTFtHVQ==",
      "requires": {
        "debug": "=3.1.0"
      }
    },
    "ms": {
      "version": "2.0.0",
      "resolved": "https://registry.npmjs.org/ms/-/ms-2.0.0.tgz",
      "integrity": "sha1-VgiurfwAvmwpAd9fmGF4jeDVl8g="
    },
    "throttle-debounce": {
      "version": "2.3.0",
      "resolved": "https://registry.npmjs.org/throttle-debounce/-/throttle-debounce-2.3.0.tgz",
      "integrity": "sha512-H7oLPV0P7+jgvrk+6mwwwBDmxTaxnu9HMXmloNLXwnNO0ZxZ31Orah2n8lU1eMPvsaowP2CX+USCgyovXfdOFQ=="
    },
    "v-viewer": {
      "version": "1.5.1",
      "resolved": "https://registry.npmjs.org/v-viewer/-/v-viewer-1.5.1.tgz",
      "integrity": "sha512-Q5ICKzmYQD0qTf+hti2Lhgy6UYY2zgFr+YrN9a3yPgr7pOjYrG405Pz4+6Z6FXlhdhGysCWFJUNCI2tsIyvjWQ==",
      "requires": {
        "throttle-debounce": "^2.0.1",
        "viewerjs": "^1.5.0"
      }
    },
    "viewerjs": {
      "version": "1.7.1",
      "resolved": "https://registry.npmjs.org/viewerjs/-/viewerjs-1.7.1.tgz",
      "integrity": "sha512-OQ6zYzIgyeAO1kutwdtwhTb3OTcThVWsjUV216cb4q5vnJFpsAaVmn+cQ3PhIXXrFZ6T60TwbH0DLVJ9ijhVPg=="
    }
  }
}
